
Microsoft Visual Studio Solution File, Format Version 12.00
# Visual Studio 15
VisualStudioVersion = 15.0.27130.2003
MinimumVisualStudioVersion = 10.0.40219.1
Project("{FAE04EC0-301F-11D3-BF4B-00C04F79EFBC}") = "CST 356 Week 9 Lab API", "CST 356 Week 9 Lab\CST 356 Week 9 Lab API.csproj", "{29618E51-8E78-43DF-A5AC-D7FF1AB2E2D8}"
EndProject
Project("{FAE04EC0-301F-11D3-BF4B-00C04F79EFBC}") = "CST 356 Week 7 Lab", "CST 356 Week 7 Lab\CST 356 Week 7 Lab.csproj", "{CE7171E9-E43A-46A5-AF88-ED611BADA42C}"
EndProject
Project("{FAE04EC0-301F-11D3-BF4B-00C04F79EFBC}") = "RestAPIClient", "RestAPIClient\RestAPIClient.csproj", "{FCDCD388-7457-478A-BFE6-70371AC4779E}"
EndProject
Global
	GlobalSection(SolutionConfigurationPlatforms) = preSolution
		Debug|Any CPU = Debug|Any CPU
		Release|Any CPU = Release|Any CPU
	EndGlobalSection
	GlobalSection(ProjectConfigurationPlatforms) = postSolution
		{29618E51-8E78-43DF-A5AC-D7FF1AB2E2D8}.Debug|Any CPU.ActiveCfg = Debug|Any CPU
		{29618E51-8E78-43DF-A5AC-D7FF1AB2E2D8}.Debug|Any CPU.Build.0 = Debug|Any CPU
		{29618E51-8E78-43DF-A5AC-D7FF1AB2E2D8}.Release|Any CPU.ActiveCfg = Release|Any CPU
		{29618E51-8E78-43DF-A5AC-D7FF1AB2E2D8}.Release|Any CPU.Build.0 = Release|Any CPU
		{CE7171E9-E43A-46A5-AF88-ED611BADA42C}.Debug|Any CPU.ActiveCfg = Debug|Any CPU
		{CE7171E9-E43A-46A5-AF88-ED611BADA42C}.Debug|Any CPU.Build.0 = Debug|Any CPU
		{CE7171E9-E43A-46A5-AF88-ED611BADA42C}.Release|Any CPU.ActiveCfg = Release|Any CPU
		{CE7171E9-E43A-46A5-AF88-ED611BADA42C}.Release|Any CPU.Build.0 = Release|Any CPU
		{FCDCD388-7457-478A-BFE6-70371AC4779E}.Debug|Any CPU.ActiveCfg = Debug|Any CPU
		{FCDCD388-7457-478A-BFE6-70371AC4779E}.Debug|Any CPU.Build.0 = Debug|Any CPU
		{FCDCD388-7457-478A-BFE6-70371AC4779E}.Release|Any CPU.ActiveCfg = Release|Any CPU
		{FCDCD388-7457-478A-BFE6-70371AC4779E}.Release|Any CPU.Build.0 = Release|Any CPU
	EndGlobalSection
	GlobalSection(SolutionProperties) = preSolution
		HideSolutionNode = FALSE
	EndGlobalSection
	GlobalSection(ExtensibilityGlobals) = postSolution
		SolutionGuid = {820028D1-0B0A-43F8-947A-C1D4CE975F24}
	EndGlobalSection
EndGlobal
